
Microsoft Visual Studio Solution File, Format Version 12.00
# Visual Studio Version 17
VisualStudioVersion = 17.7.34024.191
MinimumVisualStudioVersion = 10.0.40219.1
Project("{FAE04EC0-301F-11D3-BF4B-00C04F79EFBC}") = "orai1", "orai1\orai1.csproj", "{F0129513-F2B9-4660-9C7F-890F0D104607}"
EndProject
Global
	GlobalSection(SolutionConfigurationPlatforms) = preSolution
		Debug|Any CPU = Debug|Any CPU
		Release|Any CPU = Release|Any CPU
	EndGlobalSection
	GlobalSection(ProjectConfigurationPlatforms) = postSolution
		{F0129513-F2B9-4660-9C7F-890F0D104607}.Debug|Any CPU.ActiveCfg = Debug|Any CPU
		{F0129513-F2B9-4660-9C7F-890F0D104607}.Debug|Any CPU.Build.0 = Debug|Any CPU
		{F0129513-F2B9-4660-9C7F-890F0D104607}.Release|Any CPU.ActiveCfg = Release|Any CPU
		{F0129513-F2B9-4660-9C7F-890F0D104607}.Release|Any CPU.Build.0 = Release|Any CPU
	EndGlobalSection
	GlobalSection(SolutionProperties) = preSolution
		HideSolutionNode = FALSE
	EndGlobalSection
	GlobalSection(ExtensibilityGlobals) = postSolution
		SolutionGuid = {B55B6381-1087-45E8-BDED-B0862D93428E}
	EndGlobalSection
EndGlobal
