
Microsoft Visual Studio Solution File, Format Version 12.00
# Visual Studio Version 17
VisualStudioVersion = 17.7.34024.191
MinimumVisualStudioVersion = 10.0.40219.1
Project("{FAE04EC0-301F-11D3-BF4B-00C04F79EFBC}") = "helsinki1952", "helsinki\helsinki1952.csproj", "{6A50E8C3-8F97-49CF-8DE7-D4AACFAB9587}"
EndProject
Global
	GlobalSection(SolutionConfigurationPlatforms) = preSolution
		Debug|Any CPU = Debug|Any CPU
		Release|Any CPU = Release|Any CPU
	EndGlobalSection
	GlobalSection(ProjectConfigurationPlatforms) = postSolution
		{6A50E8C3-8F97-49CF-8DE7-D4AACFAB9587}.Debug|Any CPU.ActiveCfg = Debug|Any CPU
		{6A50E8C3-8F97-49CF-8DE7-D4AACFAB9587}.Debug|Any CPU.Build.0 = Debug|Any CPU
		{6A50E8C3-8F97-49CF-8DE7-D4AACFAB9587}.Release|Any CPU.ActiveCfg = Release|Any CPU
		{6A50E8C3-8F97-49CF-8DE7-D4AACFAB9587}.Release|Any CPU.Build.0 = Release|Any CPU
	EndGlobalSection
	GlobalSection(SolutionProperties) = preSolution
		HideSolutionNode = FALSE
	EndGlobalSection
	GlobalSection(ExtensibilityGlobals) = postSolution
		SolutionGuid = {CB60643C-7E78-4B53-9A74-BC42F52FC1F8}
	EndGlobalSection
EndGlobal
