
Microsoft Visual Studio Solution File, Format Version 12.00
# Visual Studio Version 17
VisualStudioVersion = 17.10.35122.118
MinimumVisualStudioVersion = 10.0.40219.1
Project("{FAE04EC0-301F-11D3-BF4B-00C04F79EFBC}") = "kreta1", "kreta1\kreta1.csproj", "{29194BA9-F2E5-470A-A178-7BADD7CD560F}"
EndProject
Global
	GlobalSection(SolutionConfigurationPlatforms) = preSolution
		Debug|Any CPU = Debug|Any CPU
		Release|Any CPU = Release|Any CPU
	EndGlobalSection
	GlobalSection(ProjectConfigurationPlatforms) = postSolution
		{29194BA9-F2E5-470A-A178-7BADD7CD560F}.Debug|Any CPU.ActiveCfg = Debug|Any CPU
		{29194BA9-F2E5-470A-A178-7BADD7CD560F}.Debug|Any CPU.Build.0 = Debug|Any CPU
		{29194BA9-F2E5-470A-A178-7BADD7CD560F}.Release|Any CPU.ActiveCfg = Release|Any CPU
		{29194BA9-F2E5-470A-A178-7BADD7CD560F}.Release|Any CPU.Build.0 = Release|Any CPU
	EndGlobalSection
	GlobalSection(SolutionProperties) = preSolution
		HideSolutionNode = FALSE
	EndGlobalSection
	GlobalSection(ExtensibilityGlobals) = postSolution
		SolutionGuid = {56CC2F65-9D31-44A2-9861-70FEC20A2E74}
	EndGlobalSection
EndGlobal
