
Microsoft Visual Studio Solution File, Format Version 12.00
# Visual Studio Version 17
VisualStudioVersion = 17.10.35122.118
MinimumVisualStudioVersion = 10.0.40219.1
Project("{FAE04EC0-301F-11D3-BF4B-00C04F79EFBC}") = "roxfort1", "roxfort1\roxfort1.csproj", "{1C48173F-451C-45F2-975C-89E9D48029AA}"
EndProject
Global
	GlobalSection(SolutionConfigurationPlatforms) = preSolution
		Debug|Any CPU = Debug|Any CPU
		Release|Any CPU = Release|Any CPU
	EndGlobalSection
	GlobalSection(ProjectConfigurationPlatforms) = postSolution
		{1C48173F-451C-45F2-975C-89E9D48029AA}.Debug|Any CPU.ActiveCfg = Debug|Any CPU
		{1C48173F-451C-45F2-975C-89E9D48029AA}.Debug|Any CPU.Build.0 = Debug|Any CPU
		{1C48173F-451C-45F2-975C-89E9D48029AA}.Release|Any CPU.ActiveCfg = Release|Any CPU
		{1C48173F-451C-45F2-975C-89E9D48029AA}.Release|Any CPU.Build.0 = Release|Any CPU
	EndGlobalSection
	GlobalSection(SolutionProperties) = preSolution
		HideSolutionNode = FALSE
	EndGlobalSection
	GlobalSection(ExtensibilityGlobals) = postSolution
		SolutionGuid = {AD0D9932-9718-4622-AA98-B70C5CD05632}
	EndGlobalSection
EndGlobal
