
Microsoft Visual Studio Solution File, Format Version 12.00
# Visual Studio Version 17
VisualStudioVersion = 17.10.35122.118
MinimumVisualStudioVersion = 10.0.40219.1
Project("{FAE04EC0-301F-11D3-BF4B-00C04F79EFBC}") = "wpfgayak12", "wpfgayak12\wpfgayak12.csproj", "{1377A498-1DF9-4FE1-A11A-89C10F970BFD}"
EndProject
Global
	GlobalSection(SolutionConfigurationPlatforms) = preSolution
		Debug|Any CPU = Debug|Any CPU
		Release|Any CPU = Release|Any CPU
	EndGlobalSection
	GlobalSection(ProjectConfigurationPlatforms) = postSolution
		{1377A498-1DF9-4FE1-A11A-89C10F970BFD}.Debug|Any CPU.ActiveCfg = Debug|Any CPU
		{1377A498-1DF9-4FE1-A11A-89C10F970BFD}.Debug|Any CPU.Build.0 = Debug|Any CPU
		{1377A498-1DF9-4FE1-A11A-89C10F970BFD}.Release|Any CPU.ActiveCfg = Release|Any CPU
		{1377A498-1DF9-4FE1-A11A-89C10F970BFD}.Release|Any CPU.Build.0 = Release|Any CPU
	EndGlobalSection
	GlobalSection(SolutionProperties) = preSolution
		HideSolutionNode = FALSE
	EndGlobalSection
	GlobalSection(ExtensibilityGlobals) = postSolution
		SolutionGuid = {98113067-5169-43D2-B1A6-103FC5096CB1}
	EndGlobalSection
EndGlobal
