
Microsoft Visual Studio Solution File, Format Version 12.00
# Visual Studio Version 17
VisualStudioVersion = 17.10.35122.118
MinimumVisualStudioVersion = 10.0.40219.1
Project("{FAE04EC0-301F-11D3-BF4B-00C04F79EFBC}") = "kreta2", "kreta2\kreta2.csproj", "{090E089B-EB44-4B56-8BE9-677EA002161B}"
EndProject
Global
	GlobalSection(SolutionConfigurationPlatforms) = preSolution
		Debug|Any CPU = Debug|Any CPU
		Release|Any CPU = Release|Any CPU
	EndGlobalSection
	GlobalSection(ProjectConfigurationPlatforms) = postSolution
		{090E089B-EB44-4B56-8BE9-677EA002161B}.Debug|Any CPU.ActiveCfg = Debug|Any CPU
		{090E089B-EB44-4B56-8BE9-677EA002161B}.Debug|Any CPU.Build.0 = Debug|Any CPU
		{090E089B-EB44-4B56-8BE9-677EA002161B}.Release|Any CPU.ActiveCfg = Release|Any CPU
		{090E089B-EB44-4B56-8BE9-677EA002161B}.Release|Any CPU.Build.0 = Release|Any CPU
	EndGlobalSection
	GlobalSection(SolutionProperties) = preSolution
		HideSolutionNode = FALSE
	EndGlobalSection
	GlobalSection(ExtensibilityGlobals) = postSolution
		SolutionGuid = {AB131F6D-EC6C-479C-8C40-5E8015041BCB}
	EndGlobalSection
EndGlobal
