
Microsoft Visual Studio Solution File, Format Version 12.00
# Visual Studio Version 17
VisualStudioVersion = 17.10.35122.118
MinimumVisualStudioVersion = 10.0.40219.1
Project("{FAE04EC0-301F-11D3-BF4B-00C04F79EFBC}") = "konyvek", "konyvek\konyvek.csproj", "{C85CC598-EDFA-4C74-BBCB-AA281F88674D}"
EndProject
Global
	GlobalSection(SolutionConfigurationPlatforms) = preSolution
		Debug|Any CPU = Debug|Any CPU
		Release|Any CPU = Release|Any CPU
	EndGlobalSection
	GlobalSection(ProjectConfigurationPlatforms) = postSolution
		{C85CC598-EDFA-4C74-BBCB-AA281F88674D}.Debug|Any CPU.ActiveCfg = Debug|Any CPU
		{C85CC598-EDFA-4C74-BBCB-AA281F88674D}.Debug|Any CPU.Build.0 = Debug|Any CPU
		{C85CC598-EDFA-4C74-BBCB-AA281F88674D}.Release|Any CPU.ActiveCfg = Release|Any CPU
		{C85CC598-EDFA-4C74-BBCB-AA281F88674D}.Release|Any CPU.Build.0 = Release|Any CPU
	EndGlobalSection
	GlobalSection(SolutionProperties) = preSolution
		HideSolutionNode = FALSE
	EndGlobalSection
	GlobalSection(ExtensibilityGlobals) = postSolution
		SolutionGuid = {ECDA373D-C3DF-40E5-94DC-AB32A2FFB6C0}
	EndGlobalSection
EndGlobal
