
Microsoft Visual Studio Solution File, Format Version 12.00
# Visual Studio Version 16
VisualStudioVersion = 16.0.33927.289
MinimumVisualStudioVersion = 10.0.40219.1
Project("{FAE04EC0-301F-11D3-BF4B-00C04F79EFBC}") = "hf2", "hf2\hf2.csproj", "{5A4F92C9-DCF4-4213-A7A4-AA7B5E57E7DF}"
EndProject
Global
	GlobalSection(SolutionConfigurationPlatforms) = preSolution
		Debug|Any CPU = Debug|Any CPU
		Release|Any CPU = Release|Any CPU
	EndGlobalSection
	GlobalSection(ProjectConfigurationPlatforms) = postSolution
		{5A4F92C9-DCF4-4213-A7A4-AA7B5E57E7DF}.Debug|Any CPU.ActiveCfg = Debug|Any CPU
		{5A4F92C9-DCF4-4213-A7A4-AA7B5E57E7DF}.Debug|Any CPU.Build.0 = Debug|Any CPU
		{5A4F92C9-DCF4-4213-A7A4-AA7B5E57E7DF}.Release|Any CPU.ActiveCfg = Release|Any CPU
		{5A4F92C9-DCF4-4213-A7A4-AA7B5E57E7DF}.Release|Any CPU.Build.0 = Release|Any CPU
	EndGlobalSection
	GlobalSection(SolutionProperties) = preSolution
		HideSolutionNode = FALSE
	EndGlobalSection
	GlobalSection(ExtensibilityGlobals) = postSolution
		SolutionGuid = {444E4A47-236C-4850-A4BA-86EDFC2CF316}
	EndGlobalSection
EndGlobal
