
Microsoft Visual Studio Solution File, Format Version 12.00
# Visual Studio Version 17
VisualStudioVersion = 17.10.35122.118
MinimumVisualStudioVersion = 10.0.40219.1
Project("{FAE04EC0-301F-11D3-BF4B-00C04F79EFBC}") = "idojaras", "idojaras\idojaras.csproj", "{FE1D5293-2F52-4CA3-AD25-D72F5A929AA0}"
EndProject
Global
	GlobalSection(SolutionConfigurationPlatforms) = preSolution
		Debug|Any CPU = Debug|Any CPU
		Release|Any CPU = Release|Any CPU
	EndGlobalSection
	GlobalSection(ProjectConfigurationPlatforms) = postSolution
		{FE1D5293-2F52-4CA3-AD25-D72F5A929AA0}.Debug|Any CPU.ActiveCfg = Debug|Any CPU
		{FE1D5293-2F52-4CA3-AD25-D72F5A929AA0}.Debug|Any CPU.Build.0 = Debug|Any CPU
		{FE1D5293-2F52-4CA3-AD25-D72F5A929AA0}.Release|Any CPU.ActiveCfg = Release|Any CPU
		{FE1D5293-2F52-4CA3-AD25-D72F5A929AA0}.Release|Any CPU.Build.0 = Release|Any CPU
	EndGlobalSection
	GlobalSection(SolutionProperties) = preSolution
		HideSolutionNode = FALSE
	EndGlobalSection
	GlobalSection(ExtensibilityGlobals) = postSolution
		SolutionGuid = {25917DE8-50E7-4229-B010-1851A46F1AF1}
	EndGlobalSection
EndGlobal
