
Microsoft Visual Studio Solution File, Format Version 12.00
# Visual Studio Version 17
VisualStudioVersion = 17.7.34024.191
MinimumVisualStudioVersion = 10.0.40219.1
Project("{FAE04EC0-301F-11D3-BF4B-00C04F79EFBC}") = "interface1", "interface1\interface1.csproj", "{2AD5E68D-39EC-4F47-9B96-CA57F8CC3B5D}"
EndProject
Global
	GlobalSection(SolutionConfigurationPlatforms) = preSolution
		Debug|Any CPU = Debug|Any CPU
		Release|Any CPU = Release|Any CPU
	EndGlobalSection
	GlobalSection(ProjectConfigurationPlatforms) = postSolution
		{2AD5E68D-39EC-4F47-9B96-CA57F8CC3B5D}.Debug|Any CPU.ActiveCfg = Debug|Any CPU
		{2AD5E68D-39EC-4F47-9B96-CA57F8CC3B5D}.Debug|Any CPU.Build.0 = Debug|Any CPU
		{2AD5E68D-39EC-4F47-9B96-CA57F8CC3B5D}.Release|Any CPU.ActiveCfg = Release|Any CPU
		{2AD5E68D-39EC-4F47-9B96-CA57F8CC3B5D}.Release|Any CPU.Build.0 = Release|Any CPU
	EndGlobalSection
	GlobalSection(SolutionProperties) = preSolution
		HideSolutionNode = FALSE
	EndGlobalSection
	GlobalSection(ExtensibilityGlobals) = postSolution
		SolutionGuid = {376DF17E-B712-4551-90A2-A9A96907F51C}
	EndGlobalSection
EndGlobal
