
Microsoft Visual Studio Solution File, Format Version 12.00
# Visual Studio Version 17
VisualStudioVersion = 17.10.35122.118
MinimumVisualStudioVersion = 10.0.40219.1
Project("{FAE04EC0-301F-11D3-BF4B-00C04F79EFBC}") = "xmlCommunication", "xmlCommunication\xmlCommunication.csproj", "{90C4D555-8061-493B-B0F6-5F3471C83979}"
EndProject
Global
	GlobalSection(SolutionConfigurationPlatforms) = preSolution
		Debug|Any CPU = Debug|Any CPU
		Release|Any CPU = Release|Any CPU
	EndGlobalSection
	GlobalSection(ProjectConfigurationPlatforms) = postSolution
		{90C4D555-8061-493B-B0F6-5F3471C83979}.Debug|Any CPU.ActiveCfg = Debug|Any CPU
		{90C4D555-8061-493B-B0F6-5F3471C83979}.Debug|Any CPU.Build.0 = Debug|Any CPU
		{90C4D555-8061-493B-B0F6-5F3471C83979}.Release|Any CPU.ActiveCfg = Release|Any CPU
		{90C4D555-8061-493B-B0F6-5F3471C83979}.Release|Any CPU.Build.0 = Release|Any CPU
	EndGlobalSection
	GlobalSection(SolutionProperties) = preSolution
		HideSolutionNode = FALSE
	EndGlobalSection
	GlobalSection(ExtensibilityGlobals) = postSolution
		SolutionGuid = {E172F14A-34B0-4DE9-95C4-19CF7BDAEA0A}
	EndGlobalSection
EndGlobal
