
Microsoft Visual Studio Solution File, Format Version 12.00
# Visual Studio Version 17
VisualStudioVersion = 17.7.34024.191
MinimumVisualStudioVersion = 10.0.40219.1
Project("{FAE04EC0-301F-11D3-BF4B-00C04F79EFBC}") = "urhajozassql", "urhajozassql\urhajozassql.csproj", "{387B76CA-EF59-47FA-B431-7BBCA3ACE79E}"
EndProject
Global
	GlobalSection(SolutionConfigurationPlatforms) = preSolution
		Debug|Any CPU = Debug|Any CPU
		Release|Any CPU = Release|Any CPU
	EndGlobalSection
	GlobalSection(ProjectConfigurationPlatforms) = postSolution
		{387B76CA-EF59-47FA-B431-7BBCA3ACE79E}.Debug|Any CPU.ActiveCfg = Debug|Any CPU
		{387B76CA-EF59-47FA-B431-7BBCA3ACE79E}.Debug|Any CPU.Build.0 = Debug|Any CPU
		{387B76CA-EF59-47FA-B431-7BBCA3ACE79E}.Release|Any CPU.ActiveCfg = Release|Any CPU
		{387B76CA-EF59-47FA-B431-7BBCA3ACE79E}.Release|Any CPU.Build.0 = Release|Any CPU
	EndGlobalSection
	GlobalSection(SolutionProperties) = preSolution
		HideSolutionNode = FALSE
	EndGlobalSection
	GlobalSection(ExtensibilityGlobals) = postSolution
		SolutionGuid = {C6A35D95-8812-43F7-8360-4DC0EA3D45BE}
	EndGlobalSection
EndGlobal
