
Microsoft Visual Studio Solution File, Format Version 12.00
# Visual Studio Version 17
VisualStudioVersion = 17.7.34024.191
MinimumVisualStudioVersion = 10.0.40219.1
Project("{FAE04EC0-301F-11D3-BF4B-00C04F79EFBC}") = "sqlwpf", "sqlwpf\sqlwpf.csproj", "{A069806F-A282-44C9-9E8C-6C25339468B6}"
EndProject
Global
	GlobalSection(SolutionConfigurationPlatforms) = preSolution
		Debug|Any CPU = Debug|Any CPU
		Release|Any CPU = Release|Any CPU
	EndGlobalSection
	GlobalSection(ProjectConfigurationPlatforms) = postSolution
		{A069806F-A282-44C9-9E8C-6C25339468B6}.Debug|Any CPU.ActiveCfg = Debug|Any CPU
		{A069806F-A282-44C9-9E8C-6C25339468B6}.Debug|Any CPU.Build.0 = Debug|Any CPU
		{A069806F-A282-44C9-9E8C-6C25339468B6}.Release|Any CPU.ActiveCfg = Release|Any CPU
		{A069806F-A282-44C9-9E8C-6C25339468B6}.Release|Any CPU.Build.0 = Release|Any CPU
	EndGlobalSection
	GlobalSection(SolutionProperties) = preSolution
		HideSolutionNode = FALSE
	EndGlobalSection
	GlobalSection(ExtensibilityGlobals) = postSolution
		SolutionGuid = {6AD30173-866D-4337-82A8-59C64C93A88A}
	EndGlobalSection
EndGlobal
