
Microsoft Visual Studio Solution File, Format Version 12.00
# Visual Studio Version 17
VisualStudioVersion = 17.10.35122.118
MinimumVisualStudioVersion = 10.0.40219.1
Project("{FAE04EC0-301F-11D3-BF4B-00C04F79EFBC}") = "hajo_object", "hajo_object\hajo_object.csproj", "{77C250D4-0A75-4E86-AE79-A91C11FF7765}"
EndProject
Global
	GlobalSection(SolutionConfigurationPlatforms) = preSolution
		Debug|Any CPU = Debug|Any CPU
		Release|Any CPU = Release|Any CPU
	EndGlobalSection
	GlobalSection(ProjectConfigurationPlatforms) = postSolution
		{77C250D4-0A75-4E86-AE79-A91C11FF7765}.Debug|Any CPU.ActiveCfg = Debug|Any CPU
		{77C250D4-0A75-4E86-AE79-A91C11FF7765}.Debug|Any CPU.Build.0 = Debug|Any CPU
		{77C250D4-0A75-4E86-AE79-A91C11FF7765}.Release|Any CPU.ActiveCfg = Release|Any CPU
		{77C250D4-0A75-4E86-AE79-A91C11FF7765}.Release|Any CPU.Build.0 = Release|Any CPU
	EndGlobalSection
	GlobalSection(SolutionProperties) = preSolution
		HideSolutionNode = FALSE
	EndGlobalSection
	GlobalSection(ExtensibilityGlobals) = postSolution
		SolutionGuid = {EFC0D398-6191-45C2-AC05-1A15EA2CD22F}
	EndGlobalSection
EndGlobal
